// !$*UTF8*$!
{
	archiveVersion = 1;
	classes = {
	};
	objectVersion = 46;
	objects = {

/* Begin PBXBuildFile section */
		308613871E1151DE00299A8F /* main.m in Sources */ = {isa = PBXBuildFile; fileRef = 308613861E1151DE00299A8F /* main.m */; };
		3086138A1E1151DE00299A8F /* AppDelegate.m in Sources */ = {isa = PBXBuildFile; fileRef = 308613891E1151DE00299A8F /* AppDelegate.m */; };
		3086138D1E1151DE00299A8F /* ViewController.m in Sources */ = {isa = PBXBuildFile; fileRef = 3086138C1E1151DE00299A8F /* ViewController.m */; };
		308613901E1151DE00299A8F /* Main.storyboard in Resources */ = {isa = PBXBuildFile; fileRef = 3086138E1E1151DE00299A8F /* Main.storyboard */; };
		308613921E1151DE00299A8F /* Assets.xcassets in Resources */ = {isa = PBXBuildFile; fileRef = 308613911E1151DE00299A8F /* Assets.xcassets */; };
		308613951E1151DE00299A8F /* LaunchScreen.storyboard in Resources */ = {isa = PBXBuildFile; fileRef = 308613931E1151DE00299A8F /* LaunchScreen.storyboard */; };
/* End PBXBuildFile section */

/* Begin PBXFileReference section */
		308613821E1151DE00299A8F /* OCESPTouch.app */ = {isa = PBXFileReference; explicitFileType = wrapper.application; includeInIndex = 0; path = OCESPTouch.app; sourceTree = BUILT_PRODUCTS_DIR; };
		308613861E1151DE00299A8F /* main.m */ = {isa = PBXFileReference; lastKnownFileType = sourcecode.c.objc; path = main.m; sourceTree = "<group>"; };
		308613881E1151DE00299A8F /* AppDelegate.h */ = {isa = PBXFileReference; lastKnownFileType = sourcecode.c.h; path = AppDelegate.h; sourceTree = "<group>"; };
		308613891E1151DE00299A8F /* AppDelegate.m */ = {isa = PBXFileReference; lastKnownFileType = sourcecode.c.objc; path = AppDelegate.m; sourceTree = "<group>"; };
		3086138B1E1151DE00299A8F /* ViewController.h */ = {isa = PBXFileReference; lastKnownFileType = sourcecode.c.h; path = ViewController.h; sourceTree = "<group>"; };
		3086138C1E1151DE00299A8F /* ViewController.m */ = {isa = PBXFileReference; lastKnownFileType = sourcecode.c.objc; path = ViewController.m; sourceTree = "<group>"; };
		3086138F1E1151DE00299A8F /* Base */ = {isa = PBXFileReference; lastKnownFileType = file.storyboard; name = Base; path = Base.lproj/Main.storyboard; sourceTree = "<group>"; };
		308613911E1151DE00299A8F /* Assets.xcassets */ = {isa = PBXFileReference; lastKnownFileType = folder.assetcatalog; path = Assets.xcassets; sourceTree = "<group>"; };
		308613941E1151DE00299A8F /* Base */ = {isa = PBXFileReference; lastKnownFileType = file.storyboard; name = Base; path = Base.lproj/LaunchScreen.storyboard; sourceTree = "<group>"; };
		308613961E1151DE00299A8F /* Info.plist */ = {isa = PBXFileReference; lastKnownFileType = text.plist.xml; path = Info.plist; sourceTree = "<group>"; };
/* End PBXFileReference section */

/* Begin PBXFrameworksBuildPhase section */
		3086137F1E1151DE00299A8F /* Frameworks */ = {
			isa = PBXFrameworksBuildPhase;
			buildActionMask = 2147483647;
			files = (
			);
			runOnlyForDeploymentPostprocessing = 0;
		};
/* End PBXFrameworksBuildPhase section */

/* Begin PBXGroup section */
		308613791E1151DE00299A8F = {
			isa = PBXGroup;
			children = (
				308613841E1151DE00299A8F /* OCESPTouch */,
				308613831E1151DE00299A8F /* Products */,
			);
			sourceTree = "<group>";
		};
		308613831E1151DE00299A8F /* Products */ = {
			isa = PBXGroup;
			children = (
				308613821E1151DE00299A8F /* OCESPTouch.app */,
			);
			name = Products;
			sourceTree = "<group>";
		};
		308613841E1151DE00299A8F /* OCESPTouch */ = {
			isa = PBXGroup;
			children = (
				308613881E1151DE00299A8F /* AppDelegate.h */,
				308613891E1151DE00299A8F /* AppDelegate.m */,
				3086138B1E1151DE00299A8F /* ViewController.h */,
				3086138C1E1151DE00299A8F /* ViewController.m */,
				3086138E1E1151DE00299A8F /* Main.storyboard */,
				308613911E1151DE00299A8F /* Assets.xcassets */,
				308613931E1151DE00299A8F /* LaunchScreen.storyboard */,
				308613961E1151DE00299A8F /* Info.plist */,
				308613851E1151DE00299A8F /* Supporting Files */,
			);
			path = OCESPTouch;
			sourceTree = "<group>";
		};
		308613851E1151DE00299A8F /* Supporting Files */ = {
			isa = PBXGroup;
			children = (
				308613861E1151DE00299A8F /* main.m */,
			);
			name = "Supporting Files";
			sourceTree = "<group>";
		};
/* End PBXGroup section */

/* Begin PBXNativeTarget section */
		308613811E1151DE00299A8F /* OCESPTouch */ = {
			isa = PBXNativeTarget;
			buildConfigurationList = 308613991E1151DE00299A8F /* Build configuration list for PBXNativeTarget "OCESPTouch" */;
			buildPhases = (
				3086137E1E1151DE00299A8F /* Sources */,
				3086137F1E1151DE00299A8F /* Frameworks */,
				308613801E1151DE00299A8F /* Resources */,
			);
			buildRules = (
			);
			dependencies = (
			);
			name = OCESPTouch;
			productName = OCESPTouch;
			productReference = 308613821E1151DE00299A8F /* OCESPTouch.app */;
			productType = "com.apple.product-type.application";
		};
/* End PBXNativeTarget section */

/* Begin PBXProject section */
		3086137A1E1151DE00299A8F /* Project object */ = {
			isa = PBXProject;
			attributes = {
				LastUpgradeCheck = 0820;
				ORGANIZATIONNAME = peakhonor;
				TargetAttributes = {
					308613811E1151DE00299A8F = {
						CreatedOnToolsVersion = 8.2.1;
						DevelopmentTeam = 2QFLQTCD5W;
						ProvisioningStyle = Automatic;
					};
				};
			};
			buildConfigurationList = 3086137D1E1151DE00299A8F /* Build configuration list for PBXProject "OCESPTouch" */;
			compatibilityVersion = "Xcode 3.2";
			developmentRegion = English;
			hasScannedForEncodings = 0;
			knownRegions = (
				en,
				Base,
			);
			mainGroup = 308613791E1151DE00299A8F;
			productRefGroup = 308613831E1151DE00299A8F /* Products */;
			projectDirPath = "";
			projectRoot = "";
			targets = (
				308613811E1151DE00299A8F /* OCESPTouch */,
			);
		};
/* End PBXProject section */

/* Begin PBXResourcesBuildPhase section */
		308613801E1151DE00299A8F /* Resources */ = {
			isa = PBXResourcesBuildPhase;
			buildActionMask = 2147483647;
			files = (
				308613951E1151DE00299A8F /* LaunchScreen.storyboard in Resources */,
				308613921E1151DE00299A8F /* Assets.xcassets in Resources */,
				308613901E1151DE00299A8F /* Main.storyboard in Resources */,
			);
			runOnlyForDeploymentPostprocessing = 0;
		};
/* End PBXResourcesBuildPhase section */

/* Begin PBXSourcesBuildPhase section */
		3086137E1E1151DE00299A8F /* Sources */ = {
			isa = PBXSourcesBuildPhase;
			buildActionMask = 2147483647;
			files = (
				3086138D1E1151DE00299A8F /* ViewController.m in Sources */,
				3086138A1E1151DE00299A8F /* AppDelegate.m in Sources */,
				308613871E1151DE00299A8F /* main.m in Sources */,
			);
			runOnlyForDeploymentPostprocessing = 0;
		};
/* End PBXSourcesBuildPhase section */

/* Begin PBXVariantGroup section */
		3086138E1E1151DE00299A8F /* Main.storyboard */ = {
			isa = PBXVariantGroup;
			children = (
				3086138F1E1151DE00299A8F /* Base */,
			);
			name = Main.storyboard;
			sourceTree = "<group>";
		};
		308613931E1151DE00299A8F /* LaunchScreen.storyboard */ = {
			isa = PBXVariantGroup;
			children = (
				308613941E1151DE00299A8F /* Base */,
			);
			name = LaunchScreen.storyboard;
			sourceTree = "<group>";
		};
/* End PBXVariantGroup section */

/* Begin XCBuildConfiguration section */
		308613971E1151DE00299A8F /* Debug */ = {
			isa = XCBuildConfiguration;
			buildSettings = {
				ALWAYS_SEARCH_USER_PATHS = NO;
				CLANG_ANALYZER_NONNULL = YES;
				CLANG_CXX_LANGUAGE_STANDARD = "gnu++0x";
				CLANG_CXX_LIBRARY = "libc++";
				CLANG_ENABLE_MODULES = YES;
				CLANG_ENABLE_OBJC_ARC = YES;
				CLANG_WARN_BOOL_CONVERSION = YES;
				CLANG_WARN_CONSTANT_CONVERSION = YES;
				CLANG_WARN_DIRECT_OBJC_ISA_USAGE = YES_ERROR;
				CLANG_WARN_DOCUMENTATION_COMMENTS = YES;
				CLANG_WARN_EMPTY_BODY = YES;
				CLANG_WARN_ENUM_CONVERSION = YES;
				CLANG_WARN_INFINITE_RECURSION = YES;
				CLANG_WARN_INT_CONVERSION = YES;
				CLANG_WARN_OBJC_ROOT_CLASS = YES_ERROR;
				CLANG_WARN_SUSPICIOUS_MOVE = YES;
				CLANG_WARN_UNREACHABLE_CODE = YES;
				CLANG_WARN__DUPLICATE_METHOD_MATCH = YES;
				"CODE_SIGN_IDENTITY[sdk=iphoneos*]" = "iPhone Developer";
				COPY_PHASE_STRIP = NO;
				DEBUG_INFORMATION_FORMAT = dwarf;
				ENABLE_STRICT_OBJC_MSGSEND = YES;
				ENABLE_TESTABILITY = YES;
				GCC_C_LANGUAGE_STANDARD = gnu99;
				GCC_DYNAMIC_NO_PIC = NO;
				GCC_NO_COMMON_BLOCKS = YES;
				GCC_OPTIMIZATION_LEVEL = 0;
				GCC_PREPROCESSOR_DEFINITIONS = (
					"DEBUG=1",
					"$(inherited)",
				);
				GCC_WARN_64_TO_32_BIT_CONVERSION = YES;
				GCC_WARN_ABOUT_RETURN_TYPE = YES_ERROR;
				GCC_WARN_UNDECLARED_SELECTOR = YES;
				GCC_WARN_UNINITIALIZED_AUTOS = YES_AGGRESSIVE;
				GCC_WARN_UNUSED_FUNCTION = YES;
				GCC_WARN_UNUSED_VARIABLE = YES;
				IPHONEOS_DEPLOYMENT_TARGET = 10.2;
				MTL_ENABLE_DEBUG_INFO = YES;
				ONLY_ACTIVE_ARCH = YES;
				SDKROOT = iphoneos;
				TARGETED_DEVICE_FAMILY = "1,2";
			};
			name = Debug;
		};
		308613981E1151DE00299A8F /* Release */ = {
			isa = XCBuildConfiguration;
			buildSettings = {
				ALWAYS_SEARCH_USER_PATHS = NO;
				CLANG_ANALYZER_NONNULL = YES;
				CLANG_CXX_LANGUAGE_STANDARD = "gnu++0x";
				CLANG_CXX_LIBRARY = "libc++";
				CLANG_ENABLE_MODULES = YES;
				CLANG_ENABLE_OBJC_ARC = YES;
				CLANG_WARN_BOOL_CONVERSION = YES;
				CLANG_WARN_CONSTANT_CONVERSION = YES;
				CLANG_WARN_DIRECT_OBJC_ISA_USAGE = YES_ERROR;
				CLANG_WARN_DOCUMENTATION_COMMENTS = YES;
				CLANG_WARN_EMPTY_BODY = YES;
				CLANG_WARN_ENUM_CONVERSION = YES;
				CLANG_WARN_INFINITE_RECURSION = YES;
				CLANG_WARN_INT_CONVERSION = YES;
				CLANG_WARN_OBJC_ROOT_CLASS = YES_ERROR;
				CLANG_WARN_SUSPICIOUS_MOVE = YES;
				CLANG_WARN_UNREACHABLE_CODE = YES;
				CLANG_WARN__DUPLICATE_METHOD_MATCH = YES;
				"CODE_SIGN_IDENTITY[sdk=iphoneos*]" = "iPhone Developer";
				COPY_PHASE_STRIP = NO;
				DEBUG_INFORMATION_FORMAT = "dwarf-with-dsym";
				ENABLE_NS_ASSERTIONS = NO;
				ENABLE_STRICT_OBJC_MSGSEND = YES;
				GCC_C_LANGUAGE_STANDARD = gnu99;
				GCC_NO_COMMON_BLOCKS = YES;
				GCC_WARN_64_TO_32_BIT_CONVERSION = YES;
				GCC_WARN_ABOUT_RETURN_TYPE = YES_ERROR;
				GCC_WARN_UNDECLARED_SELECTOR = YES;
				GCC_WARN_UNINITIALIZED_AUTOS = YES_AGGRESSIVE;
				GCC_WARN_UNUSED_FUNCTION = YES;
				GCC_WARN_UNUSED_VARIABLE = YES;
				IPHONEOS_DEPLOYMENT_TARGET = 10.2;
				MTL_ENABLE_DEBUG_INFO = NO;
				SDKROOT = iphoneos;
				TARGETED_DEVICE_FAMILY = "1,2";
				VALIDATE_PRODUCT = YES;
			};
			name = Release;
		};
		3086139A1E1151DE00299A8F /* Debug */ = {
			isa = XCBuildConfiguration;
			buildSettings = {
				ASSETCATALOG_COMPILER_APPICON_NAME = AppIcon;
				DEVELOPMENT_TEAM = 2QFLQTCD5W;
				INFOPLIST_FILE = OCESPTouch/Info.plist;
				LD_RUNPATH_SEARCH_PATHS = "$(inherited) @executable_path/Frameworks";
				PRODUCT_BUNDLE_IDENTIFIER = com.peakhonor.OCESPTouch;
				PRODUCT_NAME = "$(TARGET_NAME)";
			};
			name = Debug;
		};
		3086139B1E1151DE00299A8F /* Release */ = {
			isa = XCBuildConfiguration;
			buildSettings = {
				ASSETCATALOG_COMPILER_APPICON_NAME = AppIcon;
				DEVELOPMENT_TEAM = 2QFLQTCD5W;
				INFOPLIST_FILE = OCESPTouch/Info.plist;
				LD_RUNPATH_SEARCH_PATHS = "$(inherited) @executable_path/Frameworks";
				PRODUCT_BUNDLE_IDENTIFIER = com.peakhonor.OCESPTouch;
				PRODUCT_NAME = "$(TARGET_NAME)";
			};
			name = Release;
		};
/* End XCBuildConfiguration section */

/* Begin XCConfigurationList section */
		3086137D1E1151DE00299A8F /* Build configuration list for PBXProject "OCESPTouch" */ = {
			isa = XCConfigurationList;
			buildConfigurations = (
				308613971E1151DE00299A8F /* Debug */,
				308613981E1151DE00299A8F /* Release */,
			);
			defaultConfigurationIsVisible = 0;
			defaultConfigurationName = Release;
		};
		308613991E1151DE00299A8F /* Build configuration list for PBXNativeTarget "OCESPTouch" */ = {
			isa = XCConfigurationList;
			buildConfigurations = (
				3086139A1E1151DE00299A8F /* Debug */,
				3086139B1E1151DE00299A8F /* Release */,
			);
			defaultConfigurationIsVisible = 0;
		};
/* End XCConfigurationList section */
	};
	rootObject = 3086137A1E1151DE00299A8F /* Project object */;
}
